
Microsoft Visual Studio Solution File, Format Version 12.00
# Visual Studio 15
VisualStudioVersion = 15.0.28307.572
MinimumVisualStudioVersion = 10.0.40219.1
Project("{8BC9CEB8-8B4A-11D0-8D11-00A0C91BC942}") = "CD35Game", "CD35Game\CD35Game.vcxproj", "{75174F8A-64AF-4734-806B-7E4BBC219B0F}"
EndProject
Global
	GlobalSection(SolutionConfigurationPlatforms) = preSolution
		Debug|x64 = Debug|x64
		Debug|x86 = Debug|x86
		Release|x64 = Release|x64
		Release|x86 = Release|x86
	EndGlobalSection
	GlobalSection(ProjectConfigurationPlatforms) = postSolution
		{75174F8A-64AF-4734-806B-7E4BBC219B0F}.Debug|x64.ActiveCfg = Debug|x64
		{75174F8A-64AF-4734-806B-7E4BBC219B0F}.Debug|x64.Build.0 = Debug|x64
		{75174F8A-64AF-4734-806B-7E4BBC219B0F}.Debug|x86.ActiveCfg = Debug|Win32
		{75174F8A-64AF-4734-806B-7E4BBC219B0F}.Debug|x86.Build.0 = Debug|Win32
		{75174F8A-64AF-4734-806B-7E4BBC219B0F}.Release|x64.ActiveCfg = Release|x64
		{75174F8A-64AF-4734-806B-7E4BBC219B0F}.Release|x64.Build.0 = Release|x64
		{75174F8A-64AF-4734-806B-7E4BBC219B0F}.Release|x86.ActiveCfg = Release|Win32
		{75174F8A-64AF-4734-806B-7E4BBC219B0F}.Release|x86.Build.0 = Release|Win32
	EndGlobalSection
	GlobalSection(SolutionProperties) = preSolution
		HideSolutionNode = FALSE
	EndGlobalSection
	GlobalSection(ExtensibilityGlobals) = postSolution
		SolutionGuid = {AF4B25B3-B5BE-45E2-8E0E-70CFD69C6454}
	EndGlobalSection
EndGlobal
